// !$*UTF8*$!
{
	archiveVersion = 1;
	classes = {
	};
	objectVersion = 46;
	objects = {

/* Begin PBXBuildFile section */
		9823406018DFC9DB0090C3FE /* Foundation.framework in Frameworks */ = {isa = PBXBuildFile; fileRef = 9823405F18DFC9DB0090C3FE /* Foundation.framework */; };
		9823406218DFC9DB0090C3FE /* CoreGraphics.framework in Frameworks */ = {isa = PBXBuildFile; fileRef = 9823406118DFC9DB0090C3FE /* CoreGraphics.framework */; };
		9823406418DFC9DB0090C3FE /* UIKit.framework in Frameworks */ = {isa = PBXBuildFile; fileRef = 9823406318DFC9DB0090C3FE /* UIKit.framework */; };
		9823406618DFC9DB0090C3FE /* SpriteKit.framework in Frameworks */ = {isa = PBXBuildFile; fileRef = 9823406518DFC9DB0090C3FE /* SpriteKit.framework */; };
		9823406C18DFC9DB0090C3FE /* InfoPlist.strings in Resources */ = {isa = PBXBuildFile; fileRef = 9823406A18DFC9DB0090C3FE /* InfoPlist.strings */; };
		9823406E18DFC9DB0090C3FE /* main.m in Sources */ = {isa = PBXBuildFile; fileRef = 9823406D18DFC9DB0090C3FE /* main.m */; };
		9823407218DFC9DB0090C3FE /* AppDelegate.m in Sources */ = {isa = PBXBuildFile; fileRef = 9823407118DFC9DB0090C3FE /* AppDelegate.m */; };
		9823407518DFC9DB0090C3FE /* Main.storyboard in Resources */ = {isa = PBXBuildFile; fileRef = 9823407318DFC9DB0090C3FE /* Main.storyboard */; };
		9823407818DFC9DB0090C3FE /* GameViewController.m in Sources */ = {isa = PBXBuildFile; fileRef = 9823407718DFC9DB0090C3FE /* GameViewController.m */; };
		9823407B18DFC9DB0090C3FE /* SocksScene.m in Sources */ = {isa = PBXBuildFile; fileRef = 9823407A18DFC9DB0090C3FE /* SocksScene.m */; };
		9823407F18DFC9DB0090C3FE /* Images.xcassets in Resources */ = {isa = PBXBuildFile; fileRef = 9823407E18DFC9DB0090C3FE /* Images.xcassets */; };
		9823408618DFC9DB0090C3FE /* XCTest.framework in Frameworks */ = {isa = PBXBuildFile; fileRef = 9823408518DFC9DB0090C3FE /* XCTest.framework */; };
		9823408718DFC9DB0090C3FE /* Foundation.framework in Frameworks */ = {isa = PBXBuildFile; fileRef = 9823405F18DFC9DB0090C3FE /* Foundation.framework */; };
		9823408818DFC9DB0090C3FE /* UIKit.framework in Frameworks */ = {isa = PBXBuildFile; fileRef = 9823406318DFC9DB0090C3FE /* UIKit.framework */; };
		9823409018DFC9DB0090C3FE /* InfoPlist.strings in Resources */ = {isa = PBXBuildFile; fileRef = 9823408E18DFC9DB0090C3FE /* InfoPlist.strings */; };
		9823409218DFC9DB0090C3FE /* SocksTests.m in Sources */ = {isa = PBXBuildFile; fileRef = 9823409118DFC9DB0090C3FE /* SocksTests.m */; };
		9852A43F18E8CEA600CC63E2 /* SockSprite.m in Sources */ = {isa = PBXBuildFile; fileRef = 9852A43E18E8CEA600CC63E2 /* SockSprite.m */; };
		9852A44719003B3D00CC63E2 /* pattern1.png in Resources */ = {isa = PBXBuildFile; fileRef = 9852A44519003B3D00CC63E2 /* pattern1.png */; };
		9852A44C190047B900CC63E2 /* pattern3.png in Resources */ = {isa = PBXBuildFile; fileRef = 9852A449190047B900CC63E2 /* pattern3.png */; };
		9852A44D190047B900CC63E2 /* pattern4.png in Resources */ = {isa = PBXBuildFile; fileRef = 9852A44A190047B900CC63E2 /* pattern4.png */; };
		9852A44E190047B900CC63E2 /* pattern2.png in Resources */ = {isa = PBXBuildFile; fileRef = 9852A44B190047B900CC63E2 /* pattern2.png */; };
		9852A4521901ADC400CC63E2 /* MainViewController.m in Sources */ = {isa = PBXBuildFile; fileRef = 9852A4511901ADC400CC63E2 /* MainViewController.m */; };
		98A4A15C18E3D4F100EFBCF4 /* sock1.png in Resources */ = {isa = PBXBuildFile; fileRef = 98A4A15718E3D4F100EFBCF4 /* sock1.png */; };
		98A4A15D18E3D4F100EFBCF4 /* sock2.png in Resources */ = {isa = PBXBuildFile; fileRef = 98A4A15818E3D4F100EFBCF4 /* sock2.png */; };
		98A4A15E18E3D4F100EFBCF4 /* sock3.png in Resources */ = {isa = PBXBuildFile; fileRef = 98A4A15918E3D4F100EFBCF4 /* sock3.png */; };
		98A4A15F18E3D4F100EFBCF4 /* sock4.png in Resources */ = {isa = PBXBuildFile; fileRef = 98A4A15A18E3D4F100EFBCF4 /* sock4.png */; };
		98A4A16018E3D4F100EFBCF4 /* sock5.png in Resources */ = {isa = PBXBuildFile; fileRef = 98A4A15B18E3D4F100EFBCF4 /* sock5.png */; };
		98B00F8F19046BCE0001CD0D /* Random.m in Sources */ = {isa = PBXBuildFile; fileRef = 98B00F8E19046BCE0001CD0D /* Random.m */; };
/* End PBXBuildFile section */

/* Begin PBXContainerItemProxy section */
		9823408918DFC9DB0090C3FE /* PBXContainerItemProxy */ = {
			isa = PBXContainerItemProxy;
			containerPortal = 9823405418DFC9DB0090C3FE /* Project object */;
			proxyType = 1;
			remoteGlobalIDString = 9823405B18DFC9DB0090C3FE;
			remoteInfo = Socks;
		};
/* End PBXContainerItemProxy section */

/* Begin PBXFileReference section */
		9823405C18DFC9DB0090C3FE /* Socks.app */ = {isa = PBXFileReference; explicitFileType = wrapper.application; includeInIndex = 0; path = Socks.app; sourceTree = BUILT_PRODUCTS_DIR; };
		9823405F18DFC9DB0090C3FE /* Foundation.framework */ = {isa = PBXFileReference; lastKnownFileType = wrapper.framework; name = Foundation.framework; path = System/Library/Frameworks/Foundation.framework; sourceTree = SDKROOT; };
		9823406118DFC9DB0090C3FE /* CoreGraphics.framework */ = {isa = PBXFileReference; lastKnownFileType = wrapper.framework; name = CoreGraphics.framework; path = System/Library/Frameworks/CoreGraphics.framework; sourceTree = SDKROOT; };
		9823406318DFC9DB0090C3FE /* UIKit.framework */ = {isa = PBXFileReference; lastKnownFileType = wrapper.framework; name = UIKit.framework; path = System/Library/Frameworks/UIKit.framework; sourceTree = SDKROOT; };
		9823406518DFC9DB0090C3FE /* SpriteKit.framework */ = {isa = PBXFileReference; lastKnownFileType = wrapper.framework; name = SpriteKit.framework; path = System/Library/Frameworks/SpriteKit.framework; sourceTree = SDKROOT; };
		9823406918DFC9DB0090C3FE /* Socks-Info.plist */ = {isa = PBXFileReference; lastKnownFileType = text.plist.xml; path = "Socks-Info.plist"; sourceTree = "<group>"; };
		9823406B18DFC9DB0090C3FE /* en */ = {isa = PBXFileReference; lastKnownFileType = text.plist.strings; name = en; path = en.lproj/InfoPlist.strings; sourceTree = "<group>"; };
		9823406D18DFC9DB0090C3FE /* main.m */ = {isa = PBXFileReference; lastKnownFileType = sourcecode.c.objc; path = main.m; sourceTree = "<group>"; };
		9823406F18DFC9DB0090C3FE /* Socks-Prefix.pch */ = {isa = PBXFileReference; lastKnownFileType = sourcecode.c.h; path = "Socks-Prefix.pch"; sourceTree = "<group>"; };
		9823407018DFC9DB0090C3FE /* AppDelegate.h */ = {isa = PBXFileReference; lastKnownFileType = sourcecode.c.h; path = AppDelegate.h; sourceTree = "<group>"; };
		9823407118DFC9DB0090C3FE /* AppDelegate.m */ = {isa = PBXFileReference; lastKnownFileType = sourcecode.c.objc; path = AppDelegate.m; sourceTree = "<group>"; };
		9823407418DFC9DB0090C3FE /* Base */ = {isa = PBXFileReference; lastKnownFileType = file.storyboard; name = Base; path = Base.lproj/Main.storyboard; sourceTree = "<group>"; };
		9823407618DFC9DB0090C3FE /* GameViewController.h */ = {isa = PBXFileReference; lastKnownFileType = sourcecode.c.h; path = GameViewController.h; sourceTree = "<group>"; };
		9823407718DFC9DB0090C3FE /* GameViewController.m */ = {isa = PBXFileReference; lastKnownFileType = sourcecode.c.objc; path = GameViewController.m; sourceTree = "<group>"; };
		9823407918DFC9DB0090C3FE /* SocksScene.h */ = {isa = PBXFileReference; lastKnownFileType = sourcecode.c.h; path = SocksScene.h; sourceTree = "<group>"; };
		9823407A18DFC9DB0090C3FE /* SocksScene.m */ = {isa = PBXFileReference; lastKnownFileType = sourcecode.c.objc; path = SocksScene.m; sourceTree = "<group>"; };
		9823407E18DFC9DB0090C3FE /* Images.xcassets */ = {isa = PBXFileReference; lastKnownFileType = folder.assetcatalog; path = Images.xcassets; sourceTree = "<group>"; };
		9823408418DFC9DB0090C3FE /* SocksTests.xctest */ = {isa = PBXFileReference; explicitFileType = wrapper.cfbundle; includeInIndex = 0; path = SocksTests.xctest; sourceTree = BUILT_PRODUCTS_DIR; };
		9823408518DFC9DB0090C3FE /* XCTest.framework */ = {isa = PBXFileReference; lastKnownFileType = wrapper.framework; name = XCTest.framework; path = Library/Frameworks/XCTest.framework; sourceTree = DEVELOPER_DIR; };
		9823408D18DFC9DB0090C3FE /* SocksTests-Info.plist */ = {isa = PBXFileReference; lastKnownFileType = text.plist.xml; path = "SocksTests-Info.plist"; sourceTree = "<group>"; };
		9823408F18DFC9DB0090C3FE /* en */ = {isa = PBXFileReference; lastKnownFileType = text.plist.strings; name = en; path = en.lproj/InfoPlist.strings; sourceTree = "<group>"; };
		9823409118DFC9DB0090C3FE /* SocksTests.m */ = {isa = PBXFileReference; lastKnownFileType = sourcecode.c.objc; path = SocksTests.m; sourceTree = "<group>"; };
		9852A43D18E8CEA600CC63E2 /* SockSprite.h */ = {isa = PBXFileReference; fileEncoding = 4; lastKnownFileType = sourcecode.c.h; path = SockSprite.h; sourceTree = "<group>"; };
		9852A43E18E8CEA600CC63E2 /* SockSprite.m */ = {isa = PBXFileReference; fileEncoding = 4; lastKnownFileType = sourcecode.c.objc; path = SockSprite.m; sourceTree = "<group>"; };
		9852A44519003B3D00CC63E2 /* pattern1.png */ = {isa = PBXFileReference; lastKnownFileType = image.png; name = pattern1.png; path = ../../Images/socks/pattern1.png; sourceTree = "<group>"; };
		9852A449190047B900CC63E2 /* pattern3.png */ = {isa = PBXFileReference; lastKnownFileType = image.png; name = pattern3.png; path = ../../Images/socks/pattern3.png; sourceTree = "<group>"; };
		9852A44A190047B900CC63E2 /* pattern4.png */ = {isa = PBXFileReference; lastKnownFileType = image.png; name = pattern4.png; path = ../../Images/socks/pattern4.png; sourceTree = "<group>"; };
		9852A44B190047B900CC63E2 /* pattern2.png */ = {isa = PBXFileReference; lastKnownFileType = image.png; name = pattern2.png; path = ../../Images/socks/pattern2.png; sourceTree = "<group>"; };
		9852A4501901ADC400CC63E2 /* MainViewController.h */ = {isa = PBXFileReference; fileEncoding = 4; lastKnownFileType = sourcecode.c.h; path = MainViewController.h; sourceTree = "<group>"; };
		9852A4511901ADC400CC63E2 /* MainViewController.m */ = {isa = PBXFileReference; fileEncoding = 4; lastKnownFileType = sourcecode.c.objc; path = MainViewController.m; sourceTree = "<group>"; };
		98A4A15718E3D4F100EFBCF4 /* sock1.png */ = {isa = PBXFileReference; lastKnownFileType = image.png; name = sock1.png; path = ../../Images/socks/sock1.png; sourceTree = "<group>"; };
		98A4A15818E3D4F100EFBCF4 /* sock2.png */ = {isa = PBXFileReference; lastKnownFileType = image.png; name = sock2.png; path = ../../Images/socks/sock2.png; sourceTree = "<group>"; };
		98A4A15918E3D4F100EFBCF4 /* sock3.png */ = {isa = PBXFileReference; lastKnownFileType = image.png; name = sock3.png; path = ../../Images/socks/sock3.png; sourceTree = "<group>"; };
		98A4A15A18E3D4F100EFBCF4 /* sock4.png */ = {isa = PBXFileReference; lastKnownFileType = image.png; name = sock4.png; path = ../../Images/socks/sock4.png; sourceTree = "<group>"; };
		98A4A15B18E3D4F100EFBCF4 /* sock5.png */ = {isa = PBXFileReference; lastKnownFileType = image.png; name = sock5.png; path = ../../Images/socks/sock5.png; sourceTree = "<group>"; };
		98B00F8E19046BCE0001CD0D /* Random.m */ = {isa = PBXFileReference; fileEncoding = 4; lastKnownFileType = sourcecode.c.objc; path = Random.m; sourceTree = "<group>"; };
		98B00F9019046C340001CD0D /* Random.h */ = {isa = PBXFileReference; lastKnownFileType = sourcecode.c.h; path = Random.h; sourceTree = "<group>"; };
/* End PBXFileReference section */

/* Begin PBXFrameworksBuildPhase section */
		9823405918DFC9DB0090C3FE /* Frameworks */ = {
			isa = PBXFrameworksBuildPhase;
			buildActionMask = 2147483647;
			files = (
				9823406218DFC9DB0090C3FE /* CoreGraphics.framework in Frameworks */,
				9823406418DFC9DB0090C3FE /* UIKit.framework in Frameworks */,
				9823406618DFC9DB0090C3FE /* SpriteKit.framework in Frameworks */,
				9823406018DFC9DB0090C3FE /* Foundation.framework in Frameworks */,
			);
			runOnlyForDeploymentPostprocessing = 0;
		};
		9823408118DFC9DB0090C3FE /* Frameworks */ = {
			isa = PBXFrameworksBuildPhase;
			buildActionMask = 2147483647;
			files = (
				9823408618DFC9DB0090C3FE /* XCTest.framework in Frameworks */,
				9823408818DFC9DB0090C3FE /* UIKit.framework in Frameworks */,
				9823408718DFC9DB0090C3FE /* Foundation.framework in Frameworks */,
			);
			runOnlyForDeploymentPostprocessing = 0;
		};
/* End PBXFrameworksBuildPhase section */

/* Begin PBXGroup section */
		9823405318DFC9DB0090C3FE = {
			isa = PBXGroup;
			children = (
				9823406718DFC9DB0090C3FE /* Socks */,
				9823408B18DFC9DB0090C3FE /* SocksTests */,
				9823405E18DFC9DB0090C3FE /* Frameworks */,
				9823405D18DFC9DB0090C3FE /* Products */,
			);
			sourceTree = "<group>";
		};
		9823405D18DFC9DB0090C3FE /* Products */ = {
			isa = PBXGroup;
			children = (
				9823405C18DFC9DB0090C3FE /* Socks.app */,
				9823408418DFC9DB0090C3FE /* SocksTests.xctest */,
			);
			name = Products;
			sourceTree = "<group>";
		};
		9823405E18DFC9DB0090C3FE /* Frameworks */ = {
			isa = PBXGroup;
			children = (
				9823405F18DFC9DB0090C3FE /* Foundation.framework */,
				9823406118DFC9DB0090C3FE /* CoreGraphics.framework */,
				9823406318DFC9DB0090C3FE /* UIKit.framework */,
				9823406518DFC9DB0090C3FE /* SpriteKit.framework */,
				9823408518DFC9DB0090C3FE /* XCTest.framework */,
			);
			name = Frameworks;
			sourceTree = "<group>";
		};
		9823406718DFC9DB0090C3FE /* Socks */ = {
			isa = PBXGroup;
			children = (
				98A4A15618E3D4C000EFBCF4 /* socks-images */,
				9823407318DFC9DB0090C3FE /* Main.storyboard */,
				9852A4501901ADC400CC63E2 /* MainViewController.h */,
				98B00F9019046C340001CD0D /* Random.h */,
				98B00F8E19046BCE0001CD0D /* Random.m */,
				9852A4511901ADC400CC63E2 /* MainViewController.m */,
				9823407018DFC9DB0090C3FE /* AppDelegate.h */,
				9823407118DFC9DB0090C3FE /* AppDelegate.m */,
				9823407618DFC9DB0090C3FE /* GameViewController.h */,
				9823407718DFC9DB0090C3FE /* GameViewController.m */,
				9823407918DFC9DB0090C3FE /* SocksScene.h */,
				9823407A18DFC9DB0090C3FE /* SocksScene.m */,
				9852A43D18E8CEA600CC63E2 /* SockSprite.h */,
				9852A43E18E8CEA600CC63E2 /* SockSprite.m */,
				9823407E18DFC9DB0090C3FE /* Images.xcassets */,
				9823406818DFC9DB0090C3FE /* Supporting Files */,
			);
			path = Socks;
			sourceTree = "<group>";
		};
		9823406818DFC9DB0090C3FE /* Supporting Files */ = {
			isa = PBXGroup;
			children = (
				9823406918DFC9DB0090C3FE /* Socks-Info.plist */,
				9823406A18DFC9DB0090C3FE /* InfoPlist.strings */,
				9823406D18DFC9DB0090C3FE /* main.m */,
				9823406F18DFC9DB0090C3FE /* Socks-Prefix.pch */,
			);
			name = "Supporting Files";
			sourceTree = "<group>";
		};
		9823408B18DFC9DB0090C3FE /* SocksTests */ = {
			isa = PBXGroup;
			children = (
				9823409118DFC9DB0090C3FE /* SocksTests.m */,
				9823408C18DFC9DB0090C3FE /* Supporting Files */,
			);
			path = SocksTests;
			sourceTree = "<group>";
		};
		9823408C18DFC9DB0090C3FE /* Supporting Files */ = {
			isa = PBXGroup;
			children = (
				9823408D18DFC9DB0090C3FE /* SocksTests-Info.plist */,
				9823408E18DFC9DB0090C3FE /* InfoPlist.strings */,
			);
			name = "Supporting Files";
			sourceTree = "<group>";
		};
		98A4A15618E3D4C000EFBCF4 /* socks-images */ = {
			isa = PBXGroup;
			children = (
				9852A44519003B3D00CC63E2 /* pattern1.png */,
				9852A44B190047B900CC63E2 /* pattern2.png */,
				9852A449190047B900CC63E2 /* pattern3.png */,
				9852A44A190047B900CC63E2 /* pattern4.png */,
				98A4A15718E3D4F100EFBCF4 /* sock1.png */,
				98A4A15818E3D4F100EFBCF4 /* sock2.png */,
				98A4A15918E3D4F100EFBCF4 /* sock3.png */,
				98A4A15A18E3D4F100EFBCF4 /* sock4.png */,
				98A4A15B18E3D4F100EFBCF4 /* sock5.png */,
			);
			name = "socks-images";
			sourceTree = "<group>";
		};
/* End PBXGroup section */

/* Begin PBXNativeTarget section */
		9823405B18DFC9DB0090C3FE /* Socks */ = {
			isa = PBXNativeTarget;
			buildConfigurationList = 9823409518DFC9DB0090C3FE /* Build configuration list for PBXNativeTarget "Socks" */;
			buildPhases = (
				9823405818DFC9DB0090C3FE /* Sources */,
				9823405918DFC9DB0090C3FE /* Frameworks */,
				9823405A18DFC9DB0090C3FE /* Resources */,
			);
			buildRules = (
			);
			dependencies = (
			);
			name = Socks;
			productName = Socks;
			productReference = 9823405C18DFC9DB0090C3FE /* Socks.app */;
			productType = "com.apple.product-type.application";
		};
		9823408318DFC9DB0090C3FE /* SocksTests */ = {
			isa = PBXNativeTarget;
			buildConfigurationList = 9823409818DFC9DB0090C3FE /* Build configuration list for PBXNativeTarget "SocksTests" */;
			buildPhases = (
				9823408018DFC9DB0090C3FE /* Sources */,
				9823408118DFC9DB0090C3FE /* Frameworks */,
				9823408218DFC9DB0090C3FE /* Resources */,
			);
			buildRules = (
			);
			dependencies = (
				9823408A18DFC9DB0090C3FE /* PBXTargetDependency */,
			);
			name = SocksTests;
			productName = SocksTests;
			productReference = 9823408418DFC9DB0090C3FE /* SocksTests.xctest */;
			productType = "com.apple.product-type.bundle.unit-test";
		};
/* End PBXNativeTarget section */

/* Begin PBXProject section */
		9823405418DFC9DB0090C3FE /* Project object */ = {
			isa = PBXProject;
			attributes = {
				LastUpgradeCheck = 0510;
				ORGANIZATIONNAME = dantap;
				TargetAttributes = {
					9823408318DFC9DB0090C3FE = {
						TestTargetID = 9823405B18DFC9DB0090C3FE;
					};
				};
			};
			buildConfigurationList = 9823405718DFC9DB0090C3FE /* Build configuration list for PBXProject "Socks" */;
			compatibilityVersion = "Xcode 3.2";
			developmentRegion = English;
			hasScannedForEncodings = 0;
			knownRegions = (
				en,
				Base,
			);
			mainGroup = 9823405318DFC9DB0090C3FE;
			productRefGroup = 9823405D18DFC9DB0090C3FE /* Products */;
			projectDirPath = "";
			projectRoot = "";
			targets = (
				9823405B18DFC9DB0090C3FE /* Socks */,
				9823408318DFC9DB0090C3FE /* SocksTests */,
			);
		};
/* End PBXProject section */

/* Begin PBXResourcesBuildPhase section */
		9823405A18DFC9DB0090C3FE /* Resources */ = {
			isa = PBXResourcesBuildPhase;
			buildActionMask = 2147483647;
			files = (
				9852A44D190047B900CC63E2 /* pattern4.png in Resources */,
				9823406C18DFC9DB0090C3FE /* InfoPlist.strings in Resources */,
				98A4A16018E3D4F100EFBCF4 /* sock5.png in Resources */,
				98A4A15E18E3D4F100EFBCF4 /* sock3.png in Resources */,
				98A4A15C18E3D4F100EFBCF4 /* sock1.png in Resources */,
				9852A44E190047B900CC63E2 /* pattern2.png in Resources */,
				9823407F18DFC9DB0090C3FE /* Images.xcassets in Resources */,
				9823407518DFC9DB0090C3FE /* Main.storyboard in Resources */,
				9852A44719003B3D00CC63E2 /* pattern1.png in Resources */,
				9852A44C190047B900CC63E2 /* pattern3.png in Resources */,
				98A4A15D18E3D4F100EFBCF4 /* sock2.png in Resources */,
				98A4A15F18E3D4F100EFBCF4 /* sock4.png in Resources */,
			);
			runOnlyForDeploymentPostprocessing = 0;
		};
		9823408218DFC9DB0090C3FE /* Resources */ = {
			isa = PBXResourcesBuildPhase;
			buildActionMask = 2147483647;
			files = (
				9823409018DFC9DB0090C3FE /* InfoPlist.strings in Resources */,
			);
			runOnlyForDeploymentPostprocessing = 0;
		};
/* End PBXResourcesBuildPhase section */

/* Begin PBXSourcesBuildPhase section */
		9823405818DFC9DB0090C3FE /* Sources */ = {
			isa = PBXSourcesBuildPhase;
			buildActionMask = 2147483647;
			files = (
				9823407B18DFC9DB0090C3FE /* SocksScene.m in Sources */,
				9823407818DFC9DB0090C3FE /* GameViewController.m in Sources */,
				98B00F8F19046BCE0001CD0D /* Random.m in Sources */,
				9823407218DFC9DB0090C3FE /* AppDelegate.m in Sources */,
				9852A43F18E8CEA600CC63E2 /* SockSprite.m in Sources */,
				9852A4521901ADC400CC63E2 /* MainViewController.m in Sources */,
				9823406E18DFC9DB0090C3FE /* main.m in Sources */,
			);
			runOnlyForDeploymentPostprocessing = 0;
		};
		9823408018DFC9DB0090C3FE /* Sources */ = {
			isa = PBXSourcesBuildPhase;
			buildActionMask = 2147483647;
			files = (
				9823409218DFC9DB0090C3FE /* SocksTests.m in Sources */,
			);
			runOnlyForDeploymentPostprocessing = 0;
		};
/* End PBXSourcesBuildPhase section */

/* Begin PBXTargetDependency section */
		9823408A18DFC9DB0090C3FE /* PBXTargetDependency */ = {
			isa = PBXTargetDependency;
			target = 9823405B18DFC9DB0090C3FE /* Socks */;
			targetProxy = 9823408918DFC9DB0090C3FE /* PBXContainerItemProxy */;
		};
/* End PBXTargetDependency section */

/* Begin PBXVariantGroup section */
		9823406A18DFC9DB0090C3FE /* InfoPlist.strings */ = {
			isa = PBXVariantGroup;
			children = (
				9823406B18DFC9DB0090C3FE /* en */,
			);
			name = InfoPlist.strings;
			sourceTree = "<group>";
		};
		9823407318DFC9DB0090C3FE /* Main.storyboard */ = {
			isa = PBXVariantGroup;
			children = (
				9823407418DFC9DB0090C3FE /* Base */,
			);
			name = Main.storyboard;
			sourceTree = "<group>";
		};
		9823408E18DFC9DB0090C3FE /* InfoPlist.strings */ = {
			isa = PBXVariantGroup;
			children = (
				9823408F18DFC9DB0090C3FE /* en */,
			);
			name = InfoPlist.strings;
			sourceTree = "<group>";
		};
/* End PBXVariantGroup section */

/* Begin XCBuildConfiguration section */
		9823409318DFC9DB0090C3FE /* Debug */ = {
			isa = XCBuildConfiguration;
			buildSettings = {
				ALWAYS_SEARCH_USER_PATHS = NO;
				CLANG_CXX_LANGUAGE_STANDARD = "gnu++0x";
				CLANG_CXX_LIBRARY = "libc++";
				CLANG_ENABLE_MODULES = YES;
				CLANG_ENABLE_OBJC_ARC = YES;
				CLANG_WARN_BOOL_CONVERSION = YES;
				CLANG_WARN_CONSTANT_CONVERSION = YES;
				CLANG_WARN_DIRECT_OBJC_ISA_USAGE = YES_ERROR;
				CLANG_WARN_EMPTY_BODY = YES;
				CLANG_WARN_ENUM_CONVERSION = YES;
				CLANG_WARN_INT_CONVERSION = YES;
				CLANG_WARN_OBJC_ROOT_CLASS = YES_ERROR;
				CLANG_WARN__DUPLICATE_METHOD_MATCH = YES;
				"CODE_SIGN_IDENTITY[sdk=iphoneos*]" = "iPhone Developer";
				COPY_PHASE_STRIP = NO;
				GCC_C_LANGUAGE_STANDARD = gnu99;
				GCC_DYNAMIC_NO_PIC = NO;
				GCC_OPTIMIZATION_LEVEL = 0;
				GCC_PREPROCESSOR_DEFINITIONS = (
					"DEBUG=1",
					"$(inherited)",
				);
				GCC_SYMBOLS_PRIVATE_EXTERN = NO;
				GCC_WARN_64_TO_32_BIT_CONVERSION = YES;
				GCC_WARN_ABOUT_RETURN_TYPE = YES_ERROR;
				GCC_WARN_UNDECLARED_SELECTOR = YES;
				GCC_WARN_UNINITIALIZED_AUTOS = YES_AGGRESSIVE;
				GCC_WARN_UNUSED_FUNCTION = YES;
				GCC_WARN_UNUSED_VARIABLE = YES;
				IPHONEOS_DEPLOYMENT_TARGET = 7.1;
				ONLY_ACTIVE_ARCH = YES;
				SDKROOT = iphoneos;
			};
			name = Debug;
		};
		9823409418DFC9DB0090C3FE /* Release */ = {
			isa = XCBuildConfiguration;
			buildSettings = {
				ALWAYS_SEARCH_USER_PATHS = NO;
				CLANG_CXX_LANGUAGE_STANDARD = "gnu++0x";
				CLANG_CXX_LIBRARY = "libc++";
				CLANG_ENABLE_MODULES = YES;
				CLANG_ENABLE_OBJC_ARC = YES;
				CLANG_WARN_BOOL_CONVERSION = YES;
				CLANG_WARN_CONSTANT_CONVERSION = YES;
				CLANG_WARN_DIRECT_OBJC_ISA_USAGE = YES_ERROR;
				CLANG_WARN_EMPTY_BODY = YES;
				CLANG_WARN_ENUM_CONVERSION = YES;
				CLANG_WARN_INT_CONVERSION = YES;
				CLANG_WARN_OBJC_ROOT_CLASS = YES_ERROR;
				CLANG_WARN__DUPLICATE_METHOD_MATCH = YES;
				"CODE_SIGN_IDENTITY[sdk=iphoneos*]" = "iPhone Developer";
				COPY_PHASE_STRIP = YES;
				ENABLE_NS_ASSERTIONS = NO;
				GCC_C_LANGUAGE_STANDARD = gnu99;
				GCC_WARN_64_TO_32_BIT_CONVERSION = YES;
				GCC_WARN_ABOUT_RETURN_TYPE = YES_ERROR;
				GCC_WARN_UNDECLARED_SELECTOR = YES;
				GCC_WARN_UNINITIALIZED_AUTOS = YES_AGGRESSIVE;
				GCC_WARN_UNUSED_FUNCTION = YES;
				GCC_WARN_UNUSED_VARIABLE = YES;
				IPHONEOS_DEPLOYMENT_TARGET = 7.1;
				SDKROOT = iphoneos;
				VALIDATE_PRODUCT = YES;
			};
			name = Release;
		};
		9823409618DFC9DB0090C3FE /* Debug */ = {
			isa = XCBuildConfiguration;
			buildSettings = {
				ASSETCATALOG_COMPILER_APPICON_NAME = AppIcon;
				ASSETCATALOG_COMPILER_LAUNCHIMAGE_NAME = LaunchImage;
				GCC_PRECOMPILE_PREFIX_HEADER = YES;
				GCC_PREFIX_HEADER = "Socks/Socks-Prefix.pch";
				INFOPLIST_FILE = "Socks/Socks-Info.plist";
				IPHONEOS_DEPLOYMENT_TARGET = 7.0;
				PRODUCT_NAME = "$(TARGET_NAME)";
				SPRITEKIT_TEXTURE_ATLAS_OUTPUT = YES;
				TARGETED_DEVICE_FAMILY = 1;
				WRAPPER_EXTENSION = app;
			};
			name = Debug;
		};
		9823409718DFC9DB0090C3FE /* Release */ = {
			isa = XCBuildConfiguration;
			buildSettings = {
				ASSETCATALOG_COMPILER_APPICON_NAME = AppIcon;
				ASSETCATALOG_COMPILER_LAUNCHIMAGE_NAME = LaunchImage;
				GCC_PRECOMPILE_PREFIX_HEADER = YES;
				GCC_PREFIX_HEADER = "Socks/Socks-Prefix.pch";
				INFOPLIST_FILE = "Socks/Socks-Info.plist";
				IPHONEOS_DEPLOYMENT_TARGET = 7.0;
				PRODUCT_NAME = "$(TARGET_NAME)";
				SPRITEKIT_TEXTURE_ATLAS_OUTPUT = YES;
				TARGETED_DEVICE_FAMILY = 1;
				WRAPPER_EXTENSION = app;
			};
			name = Release;
		};
		9823409918DFC9DB0090C3FE /* Debug */ = {
			isa = XCBuildConfiguration;
			buildSettings = {
				BUNDLE_LOADER = "$(BUILT_PRODUCTS_DIR)/Socks.app/Socks";
				FRAMEWORK_SEARCH_PATHS = (
					"$(SDKROOT)/Developer/Library/Frameworks",
					"$(inherited)",
					"$(DEVELOPER_FRAMEWORKS_DIR)",
				);
				GCC_PRECOMPILE_PREFIX_HEADER = YES;
				GCC_PREFIX_HEADER = "Socks/Socks-Prefix.pch";
				GCC_PREPROCESSOR_DEFINITIONS = (
					"DEBUG=1",
					"$(inherited)",
				);
				INFOPLIST_FILE = "SocksTests/SocksTests-Info.plist";
				PRODUCT_NAME = "$(TARGET_NAME)";
				TEST_HOST = "$(BUNDLE_LOADER)";
				WRAPPER_EXTENSION = xctest;
			};
			name = Debug;
		};
		9823409A18DFC9DB0090C3FE /* Release */ = {
			isa = XCBuildConfiguration;
			buildSettings = {
				BUNDLE_LOADER = "$(BUILT_PRODUCTS_DIR)/Socks.app/Socks";
				FRAMEWORK_SEARCH_PATHS = (
					"$(SDKROOT)/Developer/Library/Frameworks",
					"$(inherited)",
					"$(DEVELOPER_FRAMEWORKS_DIR)",
				);
				GCC_PRECOMPILE_PREFIX_HEADER = YES;
				GCC_PREFIX_HEADER = "Socks/Socks-Prefix.pch";
				INFOPLIST_FILE = "SocksTests/SocksTests-Info.plist";
				PRODUCT_NAME = "$(TARGET_NAME)";
				TEST_HOST = "$(BUNDLE_LOADER)";
				WRAPPER_EXTENSION = xctest;
			};
			name = Release;
		};
/* End XCBuildConfiguration section */

/* Begin XCConfigurationList section */
		9823405718DFC9DB0090C3FE /* Build configuration list for PBXProject "Socks" */ = {
			isa = XCConfigurationList;
			buildConfigurations = (
				9823409318DFC9DB0090C3FE /* Debug */,
				9823409418DFC9DB0090C3FE /* Release */,
			);
			defaultConfigurationIsVisible = 0;
			defaultConfigurationName = Release;
		};
		9823409518DFC9DB0090C3FE /* Build configuration list for PBXNativeTarget "Socks" */ = {
			isa = XCConfigurationList;
			buildConfigurations = (
				9823409618DFC9DB0090C3FE /* Debug */,
				9823409718DFC9DB0090C3FE /* Release */,
			);
			defaultConfigurationIsVisible = 0;
			defaultConfigurationName = Release;
		};
		9823409818DFC9DB0090C3FE /* Build configuration list for PBXNativeTarget "SocksTests" */ = {
			isa = XCConfigurationList;
			buildConfigurations = (
				9823409918DFC9DB0090C3FE /* Debug */,
				9823409A18DFC9DB0090C3FE /* Release */,
			);
			defaultConfigurationIsVisible = 0;
			defaultConfigurationName = Release;
		};
/* End XCConfigurationList section */
	};
	rootObject = 9823405418DFC9DB0090C3FE /* Project object */;
}
